
Microsoft Visual Studio Solution File, Format Version 12.00
# Visual Studio Version 16
VisualStudioVersion = 16.0.28917.181
MinimumVisualStudioVersion = 10.0.40219.1
Project("{F2A71F9B-5D33-465A-A702-920D77279786}") = "MainConsole", "src\MainConsole\MainConsole.fsproj", "{BE4078C8-11BF-4B8D-9DDA-BCA6128A1DC6}"
EndProject
Project("{F2A71F9B-5D33-465A-A702-920D77279786}") = "ClassLibrary", "src\ClassLibrary\ClassLibrary.fsproj", "{A1D28DE0-5424-40DB-9FAD-B4A4154F08EE}"
EndProject
Project("{F2A71F9B-5D33-465A-A702-920D77279786}") = "TestLibrary", "src\TestLibrary\TestLibrary.fsproj", "{D9876D0B-BD1A-4877-B82A-DD5B125210F6}"
EndProject
Global
	GlobalSection(SolutionConfigurationPlatforms) = preSolution
		Debug|Any CPU = Debug|Any CPU
		Release|Any CPU = Release|Any CPU
	EndGlobalSection
	GlobalSection(ProjectConfigurationPlatforms) = postSolution
		{BE4078C8-11BF-4B8D-9DDA-BCA6128A1DC6}.Debug|Any CPU.ActiveCfg = Debug|Any CPU
		{BE4078C8-11BF-4B8D-9DDA-BCA6128A1DC6}.Debug|Any CPU.Build.0 = Debug|Any CPU
		{BE4078C8-11BF-4B8D-9DDA-BCA6128A1DC6}.Release|Any CPU.ActiveCfg = Release|Any CPU
		{BE4078C8-11BF-4B8D-9DDA-BCA6128A1DC6}.Release|Any CPU.Build.0 = Release|Any CPU
		{A1D28DE0-5424-40DB-9FAD-B4A4154F08EE}.Debug|Any CPU.ActiveCfg = Debug|Any CPU
		{A1D28DE0-5424-40DB-9FAD-B4A4154F08EE}.Debug|Any CPU.Build.0 = Debug|Any CPU
		{A1D28DE0-5424-40DB-9FAD-B4A4154F08EE}.Release|Any CPU.ActiveCfg = Release|Any CPU
		{A1D28DE0-5424-40DB-9FAD-B4A4154F08EE}.Release|Any CPU.Build.0 = Release|Any CPU
		{D9876D0B-BD1A-4877-B82A-DD5B125210F6}.Debug|Any CPU.ActiveCfg = Debug|Any CPU
		{D9876D0B-BD1A-4877-B82A-DD5B125210F6}.Debug|Any CPU.Build.0 = Debug|Any CPU
		{D9876D0B-BD1A-4877-B82A-DD5B125210F6}.Release|Any CPU.ActiveCfg = Release|Any CPU
		{D9876D0B-BD1A-4877-B82A-DD5B125210F6}.Release|Any CPU.Build.0 = Release|Any CPU
	EndGlobalSection
	GlobalSection(SolutionProperties) = preSolution
		HideSolutionNode = FALSE
	EndGlobalSection
	GlobalSection(ExtensibilityGlobals) = postSolution
		SolutionGuid = {7478DDC1-DD3B-4988-98D6-4496B822A816}
	EndGlobalSection
EndGlobal
